
Microsoft Visual Studio Solution File, Format Version 12.00
# Visual Studio Version 17
VisualStudioVersion = 17.11.35327.3
MinimumVisualStudioVersion = 10.0.40219.1
Project("{FAE04EC0-301F-11D3-BF4B-00C04F79EFBC}") = "WebApplicationExample-16-VM", "WebApplicationExample-16-VM\WebApplicationExample-16-VM.csproj", "{B25DB6A1-3CF8-482D-B02A-2BB066B54469}"
EndProject
Global
	GlobalSection(SolutionConfigurationPlatforms) = preSolution
		Debug|Any CPU = Debug|Any CPU
		Release|Any CPU = Release|Any CPU
	EndGlobalSection
	GlobalSection(ProjectConfigurationPlatforms) = postSolution
		{B25DB6A1-3CF8-482D-B02A-2BB066B54469}.Debug|Any CPU.ActiveCfg = Debug|Any CPU
		{B25DB6A1-3CF8-482D-B02A-2BB066B54469}.Debug|Any CPU.Build.0 = Debug|Any CPU
		{B25DB6A1-3CF8-482D-B02A-2BB066B54469}.Release|Any CPU.ActiveCfg = Release|Any CPU
		{B25DB6A1-3CF8-482D-B02A-2BB066B54469}.Release|Any CPU.Build.0 = Release|Any CPU
	EndGlobalSection
	GlobalSection(SolutionProperties) = preSolution
		HideSolutionNode = FALSE
	EndGlobalSection
	GlobalSection(ExtensibilityGlobals) = postSolution
		SolutionGuid = {061832A5-E48C-4529-8879-897E3AB95018}
	EndGlobalSection
EndGlobal
